
Microsoft Visual Studio Solution File, Format Version 12.00
# Visual Studio 15
VisualStudioVersion = 15.0.28307.136
MinimumVisualStudioVersion = 10.0.40219.1
Project("{FAE04EC0-301F-11D3-BF4B-00C04F79EFBC}") = "AnsatzZurLösungVonFroschProblemen", "AnsatzZurLösungVonFroschProblemen\AnsatzZurLösungVonFroschProblemen.csproj", "{900077A4-CEC5-4D78-A18C-572E3962702D}"
EndProject
Global
	GlobalSection(SolutionConfigurationPlatforms) = preSolution
		Debug|Any CPU = Debug|Any CPU
		Release|Any CPU = Release|Any CPU
	EndGlobalSection
	GlobalSection(ProjectConfigurationPlatforms) = postSolution
		{900077A4-CEC5-4D78-A18C-572E3962702D}.Debug|Any CPU.ActiveCfg = Debug|Any CPU
		{900077A4-CEC5-4D78-A18C-572E3962702D}.Debug|Any CPU.Build.0 = Debug|Any CPU
		{900077A4-CEC5-4D78-A18C-572E3962702D}.Release|Any CPU.ActiveCfg = Release|Any CPU
		{900077A4-CEC5-4D78-A18C-572E3962702D}.Release|Any CPU.Build.0 = Release|Any CPU
	EndGlobalSection
	GlobalSection(SolutionProperties) = preSolution
		HideSolutionNode = FALSE
	EndGlobalSection
	GlobalSection(ExtensibilityGlobals) = postSolution
		SolutionGuid = {78D4D122-8A9C-40AD-AAEA-6EFDBAD9FD3F}
	EndGlobalSection
EndGlobal
